
Microsoft Visual Studio Solution File, Format Version 12.00
# Visual Studio Version 17
VisualStudioVersion = 17.0.32014.148
MinimumVisualStudioVersion = 10.0.40219.1
Project("{FAE04EC0-301F-11D3-BF4B-00C04F79EFBC}") = "checkerboard", "checkerboard\checkerboard.csproj", "{18B768C9-F2D1-4EA4-BF01-E8628792F77C}"
EndProject
Global
	GlobalSection(SolutionConfigurationPlatforms) = preSolution
		Debug|Any CPU = Debug|Any CPU
		Release|Any CPU = Release|Any CPU
	EndGlobalSection
	GlobalSection(ProjectConfigurationPlatforms) = postSolution
		{18B768C9-F2D1-4EA4-BF01-E8628792F77C}.Debug|Any CPU.ActiveCfg = Debug|Any CPU
		{18B768C9-F2D1-4EA4-BF01-E8628792F77C}.Debug|Any CPU.Build.0 = Debug|Any CPU
		{18B768C9-F2D1-4EA4-BF01-E8628792F77C}.Release|Any CPU.ActiveCfg = Release|Any CPU
		{18B768C9-F2D1-4EA4-BF01-E8628792F77C}.Release|Any CPU.Build.0 = Release|Any CPU
	EndGlobalSection
	GlobalSection(SolutionProperties) = preSolution
		HideSolutionNode = FALSE
	EndGlobalSection
	GlobalSection(ExtensibilityGlobals) = postSolution
		SolutionGuid = {B259708C-F921-4288-9546-8E7543A05A7F}
	EndGlobalSection
EndGlobal
